// !$*UTF8*$!
{
	archiveVersion = 1;
	classes = {
	};
	objectVersion = 50;
	objects = {

/* Begin PBXBuildFile section */
		5F2C0073227679D300C79B91 /* AppDelegate.swift in Sources */ = {isa = PBXBuildFile; fileRef = 5F2C0072227679D300C79B91 /* AppDelegate.swift */; };
		5F2C0075227679D300C79B91 /* ViewController.swift in Sources */ = {isa = PBXBuildFile; fileRef = 5F2C0074227679D300C79B91 /* ViewController.swift */; };
		5F2C0078227679D300C79B91 /* Main.storyboard in Resources */ = {isa = PBXBuildFile; fileRef = 5F2C0076227679D300C79B91 /* Main.storyboard */; };
		5F2C007A227679D400C79B91 /* Assets.xcassets in Resources */ = {isa = PBXBuildFile; fileRef = 5F2C0079227679D400C79B91 /* Assets.xcassets */; };
		5F2C007D227679D400C79B91 /* LaunchScreen.storyboard in Resources */ = {isa = PBXBuildFile; fileRef = 5F2C007B227679D400C79B91 /* LaunchScreen.storyboard */; };
		5F2C0088227679D400C79B91 /* TuneRoomTests.swift in Sources */ = {isa = PBXBuildFile; fileRef = 5F2C0087227679D400C79B91 /* TuneRoomTests.swift */; };
		5F8591C8227690F500334B12 /* SpotifyiOS.framework in Frameworks */ = {isa = PBXBuildFile; fileRef = 5F8591C7227690F500334B12 /* SpotifyiOS.framework */; };
/* End PBXBuildFile section */

/* Begin PBXContainerItemProxy section */
		5F2C0084227679D400C79B91 /* PBXContainerItemProxy */ = {
			isa = PBXContainerItemProxy;
			containerPortal = 5F2C0067227679D300C79B91 /* Project object */;
			proxyType = 1;
			remoteGlobalIDString = 5F2C006E227679D300C79B91;
			remoteInfo = TuneRoom;
		};
/* End PBXContainerItemProxy section */

/* Begin PBXFileReference section */
		5F2C006F227679D300C79B91 /* TuneRoom.app */ = {isa = PBXFileReference; explicitFileType = wrapper.application; includeInIndex = 0; path = TuneRoom.app; sourceTree = BUILT_PRODUCTS_DIR; };
		5F2C0072227679D300C79B91 /* AppDelegate.swift */ = {isa = PBXFileReference; lastKnownFileType = sourcecode.swift; path = AppDelegate.swift; sourceTree = "<group>"; };
		5F2C0074227679D300C79B91 /* ViewController.swift */ = {isa = PBXFileReference; lastKnownFileType = sourcecode.swift; path = ViewController.swift; sourceTree = "<group>"; };
		5F2C0077227679D300C79B91 /* Base */ = {isa = PBXFileReference; lastKnownFileType = file.storyboard; name = Base; path = Base.lproj/Main.storyboard; sourceTree = "<group>"; };
		5F2C0079227679D400C79B91 /* Assets.xcassets */ = {isa = PBXFileReference; lastKnownFileType = folder.assetcatalog; path = Assets.xcassets; sourceTree = "<group>"; };
		5F2C007C227679D400C79B91 /* Base */ = {isa = PBXFileReference; lastKnownFileType = file.storyboard; name = Base; path = Base.lproj/LaunchScreen.storyboard; sourceTree = "<group>"; };
		5F2C007E227679D400C79B91 /* Info.plist */ = {isa = PBXFileReference; lastKnownFileType = text.plist.xml; path = Info.plist; sourceTree = "<group>"; };
		5F2C0083227679D400C79B91 /* TuneRoomTests.xctest */ = {isa = PBXFileReference; explicitFileType = wrapper.cfbundle; includeInIndex = 0; path = TuneRoomTests.xctest; sourceTree = BUILT_PRODUCTS_DIR; };
		5F2C0087227679D400C79B91 /* TuneRoomTests.swift */ = {isa = PBXFileReference; lastKnownFileType = sourcecode.swift; path = TuneRoomTests.swift; sourceTree = "<group>"; };
		5F2C0089227679D400C79B91 /* Info.plist */ = {isa = PBXFileReference; lastKnownFileType = text.plist.xml; path = Info.plist; sourceTree = "<group>"; };
		5F2C00962276831E00C79B91 /* TuneRoom-Bridging-Header.h */ = {isa = PBXFileReference; lastKnownFileType = sourcecode.c.h; path = "TuneRoom-Bridging-Header.h"; sourceTree = "<group>"; };
		5F8591C7227690F500334B12 /* SpotifyiOS.framework */ = {isa = PBXFileReference; lastKnownFileType = wrapper.framework; path = SpotifyiOS.framework; sourceTree = "<group>"; };
/* End PBXFileReference section */

/* Begin PBXFrameworksBuildPhase section */
		5F2C006C227679D300C79B91 /* Frameworks */ = {
			isa = PBXFrameworksBuildPhase;
			buildActionMask = 2147483647;
			files = (
				5F8591C8227690F500334B12 /* SpotifyiOS.framework in Frameworks */,
			);
			runOnlyForDeploymentPostprocessing = 0;
		};
		5F2C0080227679D400C79B91 /* Frameworks */ = {
			isa = PBXFrameworksBuildPhase;
			buildActionMask = 2147483647;
			files = (
			);
			runOnlyForDeploymentPostprocessing = 0;
		};
/* End PBXFrameworksBuildPhase section */

/* Begin PBXGroup section */
		5F2C0066227679D300C79B91 = {
			isa = PBXGroup;
			children = (
				5F2C00962276831E00C79B91 /* TuneRoom-Bridging-Header.h */,
				5F2C0071227679D300C79B91 /* TuneRoom */,
				5F2C0086227679D400C79B91 /* TuneRoomTests */,
				5F2C0070227679D300C79B91 /* Products */,
				5F8591C7227690F500334B12 /* SpotifyiOS.framework */,
			);
			sourceTree = "<group>";
		};
		5F2C0070227679D300C79B91 /* Products */ = {
			isa = PBXGroup;
			children = (
				5F2C006F227679D300C79B91 /* TuneRoom.app */,
				5F2C0083227679D400C79B91 /* TuneRoomTests.xctest */,
			);
			name = Products;
			sourceTree = "<group>";
		};
		5F2C0071227679D300C79B91 /* TuneRoom */ = {
			isa = PBXGroup;
			children = (
				5F2C0072227679D300C79B91 /* AppDelegate.swift */,
				5F2C0074227679D300C79B91 /* ViewController.swift */,
				5F2C0076227679D300C79B91 /* Main.storyboard */,
				5F2C0079227679D400C79B91 /* Assets.xcassets */,
				5F2C007B227679D400C79B91 /* LaunchScreen.storyboard */,
				5F2C007E227679D400C79B91 /* Info.plist */,
			);
			path = TuneRoom;
			sourceTree = "<group>";
		};
		5F2C0086227679D400C79B91 /* TuneRoomTests */ = {
			isa = PBXGroup;
			children = (
				5F2C0087227679D400C79B91 /* TuneRoomTests.swift */,
				5F2C0089227679D400C79B91 /* Info.plist */,
			);
			path = TuneRoomTests;
			sourceTree = "<group>";
		};
/* End PBXGroup section */

/* Begin PBXNativeTarget section */
		5F2C006E227679D300C79B91 /* TuneRoom */ = {
			isa = PBXNativeTarget;
			buildConfigurationList = 5F2C008C227679D400C79B91 /* Build configuration list for PBXNativeTarget "TuneRoom" */;
			buildPhases = (
				5F2C006B227679D300C79B91 /* Sources */,
				5F2C006C227679D300C79B91 /* Frameworks */,
				5F2C006D227679D300C79B91 /* Resources */,
			);
			buildRules = (
			);
			dependencies = (
			);
			name = TuneRoom;
			productName = TuneRoom;
			productReference = 5F2C006F227679D300C79B91 /* TuneRoom.app */;
			productType = "com.apple.product-type.application";
		};
		5F2C0082227679D400C79B91 /* TuneRoomTests */ = {
			isa = PBXNativeTarget;
			buildConfigurationList = 5F2C008F227679D400C79B91 /* Build configuration list for PBXNativeTarget "TuneRoomTests" */;
			buildPhases = (
				5F2C007F227679D400C79B91 /* Sources */,
				5F2C0080227679D400C79B91 /* Frameworks */,
				5F2C0081227679D400C79B91 /* Resources */,
			);
			buildRules = (
			);
			dependencies = (
				5F2C0085227679D400C79B91 /* PBXTargetDependency */,
			);
			name = TuneRoomTests;
			productName = TuneRoomTests;
			productReference = 5F2C0083227679D400C79B91 /* TuneRoomTests.xctest */;
			productType = "com.apple.product-type.bundle.unit-test";
		};
/* End PBXNativeTarget section */

/* Begin PBXProject section */
		5F2C0067227679D300C79B91 /* Project object */ = {
			isa = PBXProject;
			attributes = {
				LastSwiftUpdateCheck = 0940;
				LastUpgradeCheck = 0940;
				ORGANIZATIONNAME = "Albert Jin";
				TargetAttributes = {
					5F2C006E227679D300C79B91 = {
						CreatedOnToolsVersion = 9.4.1;
					};
					5F2C0082227679D400C79B91 = {
						CreatedOnToolsVersion = 9.4.1;
						TestTargetID = 5F2C006E227679D300C79B91;
					};
				};
			};
			buildConfigurationList = 5F2C006A227679D300C79B91 /* Build configuration list for PBXProject "TuneRoom" */;
			compatibilityVersion = "Xcode 9.3";
			developmentRegion = en;
			hasScannedForEncodings = 0;
			knownRegions = (
				en,
				Base,
			);
			mainGroup = 5F2C0066227679D300C79B91;
			productRefGroup = 5F2C0070227679D300C79B91 /* Products */;
			projectDirPath = "";
			projectRoot = "";
			targets = (
				5F2C006E227679D300C79B91 /* TuneRoom */,
				5F2C0082227679D400C79B91 /* TuneRoomTests */,
			);
		};
/* End PBXProject section */

/* Begin PBXResourcesBuildPhase section */
		5F2C006D227679D300C79B91 /* Resources */ = {
			isa = PBXResourcesBuildPhase;
			buildActionMask = 2147483647;
			files = (
				5F2C007D227679D400C79B91 /* LaunchScreen.storyboard in Resources */,
				5F2C007A227679D400C79B91 /* Assets.xcassets in Resources */,
				5F2C0078227679D300C79B91 /* Main.storyboard in Resources */,
			);
			runOnlyForDeploymentPostprocessing = 0;
		};
		5F2C0081227679D400C79B91 /* Resources */ = {
			isa = PBXResourcesBuildPhase;
			buildActionMask = 2147483647;
			files = (
			);
			runOnlyForDeploymentPostprocessing = 0;
		};
/* End PBXResourcesBuildPhase section */

/* Begin PBXSourcesBuildPhase section */
		5F2C006B227679D300C79B91 /* Sources */ = {
			isa = PBXSourcesBuildPhase;
			buildActionMask = 2147483647;
			files = (
				5F2C0075227679D300C79B91 /* ViewController.swift in Sources */,
				5F2C0073227679D300C79B91 /* AppDelegate.swift in Sources */,
			);
			runOnlyForDeploymentPostprocessing = 0;
		};
		5F2C007F227679D400C79B91 /* Sources */ = {
			isa = PBXSourcesBuildPhase;
			buildActionMask = 2147483647;
			files = (
				5F2C0088227679D400C79B91 /* TuneRoomTests.swift in Sources */,
			);
			runOnlyForDeploymentPostprocessing = 0;
		};
/* End PBXSourcesBuildPhase section */

/* Begin PBXTargetDependency section */
		5F2C0085227679D400C79B91 /* PBXTargetDependency */ = {
			isa = PBXTargetDependency;
			target = 5F2C006E227679D300C79B91 /* TuneRoom */;
			targetProxy = 5F2C0084227679D400C79B91 /* PBXContainerItemProxy */;
		};
/* End PBXTargetDependency section */

/* Begin PBXVariantGroup section */
		5F2C0076227679D300C79B91 /* Main.storyboard */ = {
			isa = PBXVariantGroup;
			children = (
				5F2C0077227679D300C79B91 /* Base */,
			);
			name = Main.storyboard;
			sourceTree = "<group>";
		};
		5F2C007B227679D400C79B91 /* LaunchScreen.storyboard */ = {
			isa = PBXVariantGroup;
			children = (
				5F2C007C227679D400C79B91 /* Base */,
			);
			name = LaunchScreen.storyboard;
			sourceTree = "<group>";
		};
/* End PBXVariantGroup section */

/* Begin XCBuildConfiguration section */
		5F2C008A227679D400C79B91 /* Debug */ = {
			isa = XCBuildConfiguration;
			buildSettings = {
				ALWAYS_SEARCH_USER_PATHS = NO;
				CLANG_ANALYZER_NONNULL = YES;
				CLANG_ANALYZER_NUMBER_OBJECT_CONVERSION = YES_AGGRESSIVE;
				CLANG_CXX_LANGUAGE_STANDARD = "gnu++14";
				CLANG_CXX_LIBRARY = "libc++";
				CLANG_ENABLE_MODULES = YES;
				CLANG_ENABLE_OBJC_ARC = YES;
				CLANG_ENABLE_OBJC_WEAK = YES;
				CLANG_WARN_BLOCK_CAPTURE_AUTORELEASING = YES;
				CLANG_WARN_BOOL_CONVERSION = YES;
				CLANG_WARN_COMMA = YES;
				CLANG_WARN_CONSTANT_CONVERSION = YES;
				CLANG_WARN_DEPRECATED_OBJC_IMPLEMENTATIONS = YES;
				CLANG_WARN_DIRECT_OBJC_ISA_USAGE = YES_ERROR;
				CLANG_WARN_DOCUMENTATION_COMMENTS = YES;
				CLANG_WARN_EMPTY_BODY = YES;
				CLANG_WARN_ENUM_CONVERSION = YES;
				CLANG_WARN_INFINITE_RECURSION = YES;
				CLANG_WARN_INT_CONVERSION = YES;
				CLANG_WARN_NON_LITERAL_NULL_CONVERSION = YES;
				CLANG_WARN_OBJC_IMPLICIT_RETAIN_SELF = YES;
				CLANG_WARN_OBJC_LITERAL_CONVERSION = YES;
				CLANG_WARN_OBJC_ROOT_CLASS = YES_ERROR;
				CLANG_WARN_RANGE_LOOP_ANALYSIS = YES;
				CLANG_WARN_STRICT_PROTOTYPES = YES;
				CLANG_WARN_SUSPICIOUS_MOVE = YES;
				CLANG_WARN_UNGUARDED_AVAILABILITY = YES_AGGRESSIVE;
				CLANG_WARN_UNREACHABLE_CODE = YES;
				CLANG_WARN__DUPLICATE_METHOD_MATCH = YES;
				CODE_SIGN_IDENTITY = "iPhone Developer";
				COPY_PHASE_STRIP = NO;
				DEBUG_INFORMATION_FORMAT = dwarf;
				ENABLE_STRICT_OBJC_MSGSEND = YES;
				ENABLE_TESTABILITY = YES;
				GCC_C_LANGUAGE_STANDARD = gnu11;
				GCC_DYNAMIC_NO_PIC = NO;
				GCC_NO_COMMON_BLOCKS = YES;
				GCC_OPTIMIZATION_LEVEL = 0;
				GCC_PREPROCESSOR_DEFINITIONS = (
					"DEBUG=1",
					"$(inherited)",
				);
				GCC_WARN_64_TO_32_BIT_CONVERSION = YES;
				GCC_WARN_ABOUT_RETURN_TYPE = YES_ERROR;
				GCC_WARN_UNDECLARED_SELECTOR = YES;
				GCC_WARN_UNINITIALIZED_AUTOS = YES_AGGRESSIVE;
				GCC_WARN_UNUSED_FUNCTION = YES;
				GCC_WARN_UNUSED_VARIABLE = YES;
				IPHONEOS_DEPLOYMENT_TARGET = 11.4;
				MTL_ENABLE_DEBUG_INFO = YES;
				ONLY_ACTIVE_ARCH = YES;
				SDKROOT = iphoneos;
				SWIFT_ACTIVE_COMPILATION_CONDITIONS = DEBUG;
				SWIFT_OPTIMIZATION_LEVEL = "-Onone";
			};
			name = Debug;
		};
		5F2C008B227679D400C79B91 /* Release */ = {
			isa = XCBuildConfiguration;
			buildSettings = {
				ALWAYS_SEARCH_USER_PATHS = NO;
				CLANG_ANALYZER_NONNULL = YES;
				CLANG_ANALYZER_NUMBER_OBJECT_CONVERSION = YES_AGGRESSIVE;
				CLANG_CXX_LANGUAGE_STANDARD = "gnu++14";
				CLANG_CXX_LIBRARY = "libc++";
				CLANG_ENABLE_MODULES = YES;
				CLANG_ENABLE_OBJC_ARC = YES;
				CLANG_ENABLE_OBJC_WEAK = YES;
				CLANG_WARN_BLOCK_CAPTURE_AUTORELEASING = YES;
				CLANG_WARN_BOOL_CONVERSION = YES;
				CLANG_WARN_COMMA = YES;
				CLANG_WARN_CONSTANT_CONVERSION = YES;
				CLANG_WARN_DEPRECATED_OBJC_IMPLEMENTATIONS = YES;
				CLANG_WARN_DIRECT_OBJC_ISA_USAGE = YES_ERROR;
				CLANG_WARN_DOCUMENTATION_COMMENTS = YES;
				CLANG_WARN_EMPTY_BODY = YES;
				CLANG_WARN_ENUM_CONVERSION = YES;
				CLANG_WARN_INFINITE_RECURSION = YES;
				CLANG_WARN_INT_CONVERSION = YES;
				CLANG_WARN_NON_LITERAL_NULL_CONVERSION = YES;
				CLANG_WARN_OBJC_IMPLICIT_RETAIN_SELF = YES;
				CLANG_WARN_OBJC_LITERAL_CONVERSION = YES;
				CLANG_WARN_OBJC_ROOT_CLASS = YES_ERROR;
				CLANG_WARN_RANGE_LOOP_ANALYSIS = YES;
				CLANG_WARN_STRICT_PROTOTYPES = YES;
				CLANG_WARN_SUSPICIOUS_MOVE = YES;
				CLANG_WARN_UNGUARDED_AVAILABILITY = YES_AGGRESSIVE;
				CLANG_WARN_UNREACHABLE_CODE = YES;
				CLANG_WARN__DUPLICATE_METHOD_MATCH = YES;
				CODE_SIGN_IDENTITY = "iPhone Developer";
				COPY_PHASE_STRIP = NO;
				DEBUG_INFORMATION_FORMAT = "dwarf-with-dsym";
				ENABLE_NS_ASSERTIONS = NO;
				ENABLE_STRICT_OBJC_MSGSEND = YES;
				GCC_C_LANGUAGE_STANDARD = gnu11;
				GCC_NO_COMMON_BLOCKS = YES;
				GCC_WARN_64_TO_32_BIT_CONVERSION = YES;
				GCC_WARN_ABOUT_RETURN_TYPE = YES_ERROR;
				GCC_WARN_UNDECLARED_SELECTOR = YES;
				GCC_WARN_UNINITIALIZED_AUTOS = YES_AGGRESSIVE;
				GCC_WARN_UNUSED_FUNCTION = YES;
				GCC_WARN_UNUSED_VARIABLE = YES;
				IPHONEOS_DEPLOYMENT_TARGET = 11.4;
				MTL_ENABLE_DEBUG_INFO = NO;
				SDKROOT = iphoneos;
				SWIFT_COMPILATION_MODE = wholemodule;
				SWIFT_OPTIMIZATION_LEVEL = "-O";
				VALIDATE_PRODUCT = YES;
			};
			name = Release;
		};
		5F2C008D227679D400C79B91 /* Debug */ = {
			isa = XCBuildConfiguration;
			buildSettings = {
				ASSETCATALOG_COMPILER_APPICON_NAME = AppIcon;
				CODE_SIGN_STYLE = Automatic;
				DEVELOPMENT_TEAM = K3Q5A886H6;
				FRAMEWORK_SEARCH_PATHS = (
					"$(inherited)",
					"$(PROJECT_DIR)",
				);
				INFOPLIST_FILE = TuneRoom/Info.plist;
				LD_RUNPATH_SEARCH_PATHS = (
					"$(inherited)",
					"@executable_path/Frameworks",
				);
				OTHER_LDFLAGS = "-ObjC";
				PRODUCT_BUNDLE_IDENTIFIER = com.developers.TuneRoom;
				PRODUCT_NAME = "$(TARGET_NAME)";
				SWIFT_OBJC_BRIDGING_HEADER = "TuneRoom-Bridging-Header.h";
				SWIFT_VERSION = 4.0;
				TARGETED_DEVICE_FAMILY = "1,2";
			};
			name = Debug;
		};
		5F2C008E227679D400C79B91 /* Release */ = {
			isa = XCBuildConfiguration;
			buildSettings = {
				ASSETCATALOG_COMPILER_APPICON_NAME = AppIcon;
				CODE_SIGN_STYLE = Automatic;
				DEVELOPMENT_TEAM = K3Q5A886H6;
				FRAMEWORK_SEARCH_PATHS = (
					"$(inherited)",
					"$(PROJECT_DIR)",
				);
				INFOPLIST_FILE = TuneRoom/Info.plist;
				LD_RUNPATH_SEARCH_PATHS = (
					"$(inherited)",
					"@executable_path/Frameworks",
				);
				OTHER_LDFLAGS = "-ObjC";
				PRODUCT_BUNDLE_IDENTIFIER = com.developers.TuneRoom;
				PRODUCT_NAME = "$(TARGET_NAME)";
				SWIFT_OBJC_BRIDGING_HEADER = "TuneRoom-Bridging-Header.h";
				SWIFT_VERSION = 4.0;
				TARGETED_DEVICE_FAMILY = "1,2";
			};
			name = Release;
		};
		5F2C0090227679D400C79B91 /* Debug */ = {
			isa = XCBuildConfiguration;
			buildSettings = {
				ALWAYS_EMBED_SWIFT_STANDARD_LIBRARIES = YES;
				BUNDLE_LOADER = "$(TEST_HOST)";
				CODE_SIGN_STYLE = Automatic;
				DEVELOPMENT_TEAM = K3Q5A886H6;
				INFOPLIST_FILE = TuneRoomTests/Info.plist;
				LD_RUNPATH_SEARCH_PATHS = (
					"$(inherited)",
					"@executable_path/Frameworks",
					"@loader_path/Frameworks",
				);
				PRODUCT_BUNDLE_IDENTIFIER = com.developers.TuneRoomTests;
				PRODUCT_NAME = "$(TARGET_NAME)";
				SWIFT_VERSION = 4.0;
				TARGETED_DEVICE_FAMILY = "1,2";
				TEST_HOST = "$(BUILT_PRODUCTS_DIR)/TuneRoom.app/TuneRoom";
			};
			name = Debug;
		};
		5F2C0091227679D400C79B91 /* Release */ = {
			isa = XCBuildConfiguration;
			buildSettings = {
				ALWAYS_EMBED_SWIFT_STANDARD_LIBRARIES = YES;
				BUNDLE_LOADER = "$(TEST_HOST)";
				CODE_SIGN_STYLE = Automatic;
				DEVELOPMENT_TEAM = K3Q5A886H6;
				INFOPLIST_FILE = TuneRoomTests/Info.plist;
				LD_RUNPATH_SEARCH_PATHS = (
					"$(inherited)",
					"@executable_path/Frameworks",
					"@loader_path/Frameworks",
				);
				PRODUCT_BUNDLE_IDENTIFIER = com.developers.TuneRoomTests;
				PRODUCT_NAME = "$(TARGET_NAME)";
				SWIFT_VERSION = 4.0;
				TARGETED_DEVICE_FAMILY = "1,2";
				TEST_HOST = "$(BUILT_PRODUCTS_DIR)/TuneRoom.app/TuneRoom";
			};
			name = Release;
		};
/* End XCBuildConfiguration section */

/* Begin XCConfigurationList section */
		5F2C006A227679D300C79B91 /* Build configuration list for PBXProject "TuneRoom" */ = {
			isa = XCConfigurationList;
			buildConfigurations = (
				5F2C008A227679D400C79B91 /* Debug */,
				5F2C008B227679D400C79B91 /* Release */,
			);
			defaultConfigurationIsVisible = 0;
			defaultConfigurationName = Release;
		};
		5F2C008C227679D400C79B91 /* Build configuration list for PBXNativeTarget "TuneRoom" */ = {
			isa = XCConfigurationList;
			buildConfigurations = (
				5F2C008D227679D400C79B91 /* Debug */,
				5F2C008E227679D400C79B91 /* Release */,
			);
			defaultConfigurationIsVisible = 0;
			defaultConfigurationName = Release;
		};
		5F2C008F227679D400C79B91 /* Build configuration list for PBXNativeTarget "TuneRoomTests" */ = {
			isa = XCConfigurationList;
			buildConfigurations = (
				5F2C0090227679D400C79B91 /* Debug */,
				5F2C0091227679D400C79B91 /* Release */,
			);
			defaultConfigurationIsVisible = 0;
			defaultConfigurationName = Release;
		};
/* End XCConfigurationList section */
	};
	rootObject = 5F2C0067227679D300C79B91 /* Project object */;
}
